
Microsoft Visual Studio Solution File, Format Version 12.00
# Visual Studio Version 17
VisualStudioVersion = 17.7.34031.279
MinimumVisualStudioVersion = 10.0.40219.1
Project("{9A19103F-16F7-4668-BE54-9A1E7A4F7556}") = "JSVProject_DataAccess", "JSVProject_DataAccess\JSVProject_DataAccess.csproj", "{74CFF3C3-47B4-4C8B-B1AC-B2D93F81A4DF}"
EndProject
Project("{9A19103F-16F7-4668-BE54-9A1E7A4F7556}") = "JSVProject_Server", "JSVProject_Server\JSVProject_Server.csproj", "{209E23F5-AFB6-4AAF-9700-AF10DFA56196}"
EndProject
Project("{9A19103F-16F7-4668-BE54-9A1E7A4F7556}") = "JSVProject_Business", "JSVProject_Business\JSVProject_Business.csproj", "{6CB45BC1-F20A-468C-8F50-B8128C545F49}"
EndProject
Project("{9A19103F-16F7-4668-BE54-9A1E7A4F7556}") = "JSVProject_Models", "JSVProject_Models\JSVProject_Models.csproj", "{8FAFC624-FDE7-48AF-850F-BB13612157C3}"
EndProject
Project("{9A19103F-16F7-4668-BE54-9A1E7A4F7556}") = "JSVProject_Common", "JSVProject_Common\JSVProject_Common.csproj", "{958D875F-5DBF-4363-9C5B-2AED6B60B1DC}"
EndProject
Global
	GlobalSection(SolutionConfigurationPlatforms) = preSolution
		Debug|Any CPU = Debug|Any CPU
		Release|Any CPU = Release|Any CPU
	EndGlobalSection
	GlobalSection(ProjectConfigurationPlatforms) = postSolution
		{74CFF3C3-47B4-4C8B-B1AC-B2D93F81A4DF}.Debug|Any CPU.ActiveCfg = Debug|Any CPU
		{74CFF3C3-47B4-4C8B-B1AC-B2D93F81A4DF}.Debug|Any CPU.Build.0 = Debug|Any CPU
		{74CFF3C3-47B4-4C8B-B1AC-B2D93F81A4DF}.Release|Any CPU.ActiveCfg = Release|Any CPU
		{74CFF3C3-47B4-4C8B-B1AC-B2D93F81A4DF}.Release|Any CPU.Build.0 = Release|Any CPU
		{209E23F5-AFB6-4AAF-9700-AF10DFA56196}.Debug|Any CPU.ActiveCfg = Debug|Any CPU
		{209E23F5-AFB6-4AAF-9700-AF10DFA56196}.Debug|Any CPU.Build.0 = Debug|Any CPU
		{209E23F5-AFB6-4AAF-9700-AF10DFA56196}.Release|Any CPU.ActiveCfg = Release|Any CPU
		{209E23F5-AFB6-4AAF-9700-AF10DFA56196}.Release|Any CPU.Build.0 = Release|Any CPU
		{6CB45BC1-F20A-468C-8F50-B8128C545F49}.Debug|Any CPU.ActiveCfg = Debug|Any CPU
		{6CB45BC1-F20A-468C-8F50-B8128C545F49}.Debug|Any CPU.Build.0 = Debug|Any CPU
		{6CB45BC1-F20A-468C-8F50-B8128C545F49}.Release|Any CPU.ActiveCfg = Release|Any CPU
		{6CB45BC1-F20A-468C-8F50-B8128C545F49}.Release|Any CPU.Build.0 = Release|Any CPU
		{8FAFC624-FDE7-48AF-850F-BB13612157C3}.Debug|Any CPU.ActiveCfg = Debug|Any CPU
		{8FAFC624-FDE7-48AF-850F-BB13612157C3}.Debug|Any CPU.Build.0 = Debug|Any CPU
		{8FAFC624-FDE7-48AF-850F-BB13612157C3}.Release|Any CPU.ActiveCfg = Release|Any CPU
		{8FAFC624-FDE7-48AF-850F-BB13612157C3}.Release|Any CPU.Build.0 = Release|Any CPU
		{958D875F-5DBF-4363-9C5B-2AED6B60B1DC}.Debug|Any CPU.ActiveCfg = Debug|Any CPU
		{958D875F-5DBF-4363-9C5B-2AED6B60B1DC}.Debug|Any CPU.Build.0 = Debug|Any CPU
		{958D875F-5DBF-4363-9C5B-2AED6B60B1DC}.Release|Any CPU.ActiveCfg = Release|Any CPU
		{958D875F-5DBF-4363-9C5B-2AED6B60B1DC}.Release|Any CPU.Build.0 = Release|Any CPU
	EndGlobalSection
	GlobalSection(SolutionProperties) = preSolution
		HideSolutionNode = FALSE
	EndGlobalSection
	GlobalSection(ExtensibilityGlobals) = postSolution
		SolutionGuid = {1F279607-C891-40C1-B97D-60302BAC40D0}
	EndGlobalSection
EndGlobal
